
Microsoft Visual Studio Solution File, Format Version 12.00
# Visual Studio Version 16
VisualStudioVersion = 16.0.29806.167
MinimumVisualStudioVersion = 10.0.40219.1
Project("{FAE04EC0-301F-11D3-BF4B-00C04F79EFBC}") = "Warehouse Manager", "Warehouse Manager.csproj", "{7227BF61-77B4-4E61-A834-7E1C8176D8B3}"
EndProject
Project("{54435603-DBB4-11D2-8724-00A0C9A8B90C}") = "仓库管理系统", "..\仓库管理系统\仓库管理系统.vdproj", "{B7BD5012-71A2-42F8-879E-6F378D0612ED}"
EndProject
Global
	GlobalSection(SolutionConfigurationPlatforms) = preSolution
		Debug|Any CPU = Debug|Any CPU
		Release|Any CPU = Release|Any CPU
	EndGlobalSection
	GlobalSection(ProjectConfigurationPlatforms) = postSolution
		{7227BF61-77B4-4E61-A834-7E1C8176D8B3}.Debug|Any CPU.ActiveCfg = Debug|Any CPU
		{7227BF61-77B4-4E61-A834-7E1C8176D8B3}.Debug|Any CPU.Build.0 = Debug|Any CPU
		{7227BF61-77B4-4E61-A834-7E1C8176D8B3}.Release|Any CPU.ActiveCfg = Release|Any CPU
		{7227BF61-77B4-4E61-A834-7E1C8176D8B3}.Release|Any CPU.Build.0 = Release|Any CPU
		{B7BD5012-71A2-42F8-879E-6F378D0612ED}.Debug|Any CPU.ActiveCfg = Debug
		{B7BD5012-71A2-42F8-879E-6F378D0612ED}.Release|Any CPU.ActiveCfg = Release
	EndGlobalSection
	GlobalSection(SolutionProperties) = preSolution
		HideSolutionNode = FALSE
	EndGlobalSection
	GlobalSection(ExtensibilityGlobals) = postSolution
		SolutionGuid = {D0FFCD2C-F44E-4D7B-BA84-31FAC3A79F71}
	EndGlobalSection
EndGlobal
